
Microsoft Visual Studio Solution File, Format Version 12.00
# Visual Studio Version 17
VisualStudioVersion = 17.8.34511.84
MinimumVisualStudioVersion = 10.0.40219.1
Project("{FAE04EC0-301F-11D3-BF4B-00C04F79EFBC}") = "PushoverService", "PushoverService\PushoverService.csproj", "{68E19EB9-171C-438A-A7A3-773742074890}"
EndProject
Global
	GlobalSection(SolutionConfigurationPlatforms) = preSolution
		Debug|Any CPU = Debug|Any CPU
		Release|Any CPU = Release|Any CPU
	EndGlobalSection
	GlobalSection(ProjectConfigurationPlatforms) = postSolution
		{68E19EB9-171C-438A-A7A3-773742074890}.Debug|Any CPU.ActiveCfg = Debug|Any CPU
		{68E19EB9-171C-438A-A7A3-773742074890}.Debug|Any CPU.Build.0 = Debug|Any CPU
		{68E19EB9-171C-438A-A7A3-773742074890}.Release|Any CPU.ActiveCfg = Release|Any CPU
		{68E19EB9-171C-438A-A7A3-773742074890}.Release|Any CPU.Build.0 = Release|Any CPU
	EndGlobalSection
	GlobalSection(SolutionProperties) = preSolution
		HideSolutionNode = FALSE
	EndGlobalSection
	GlobalSection(ExtensibilityGlobals) = postSolution
		SolutionGuid = {36810555-F8AF-4778-AE14-D91CD940ED83}
	EndGlobalSection
EndGlobal
